
Microsoft Visual Studio Solution File, Format Version 12.00
# Visual Studio Version 17
VisualStudioVersion = 17.2.32526.322
MinimumVisualStudioVersion = 10.0.40219.1
Project("{FAE04EC0-301F-11D3-BF4B-00C04F79EFBC}") = "Задание с картинками", "Задание с картинками\Задание с картинками.csproj", "{439C7A7D-339F-475C-8D37-C0E25FA9117F}"
EndProject
Global
	GlobalSection(SolutionConfigurationPlatforms) = preSolution
		Debug|Any CPU = Debug|Any CPU
		Release|Any CPU = Release|Any CPU
	EndGlobalSection
	GlobalSection(ProjectConfigurationPlatforms) = postSolution
		{439C7A7D-339F-475C-8D37-C0E25FA9117F}.Debug|Any CPU.ActiveCfg = Debug|Any CPU
		{439C7A7D-339F-475C-8D37-C0E25FA9117F}.Debug|Any CPU.Build.0 = Debug|Any CPU
		{439C7A7D-339F-475C-8D37-C0E25FA9117F}.Release|Any CPU.ActiveCfg = Release|Any CPU
		{439C7A7D-339F-475C-8D37-C0E25FA9117F}.Release|Any CPU.Build.0 = Release|Any CPU
	EndGlobalSection
	GlobalSection(SolutionProperties) = preSolution
		HideSolutionNode = FALSE
	EndGlobalSection
	GlobalSection(ExtensibilityGlobals) = postSolution
		SolutionGuid = {6A6FB1E5-ED53-4573-87A0-1802228C8816}
	EndGlobalSection
EndGlobal
